// !$*UTF8*$!
{
	archiveVersion = 1;
	classes = {
	};
	objectVersion = 46;
	objects = {

/* Begin PBXBuildFile section */
		5171037B1A87F6A10080EE43 /* AppDelegate.swift in Sources */ = {isa = PBXBuildFile; fileRef = 5171037A1A87F6A10080EE43 /* AppDelegate.swift */; };
		5171037D1A87F6A10080EE43 /* ViewController.swift in Sources */ = {isa = PBXBuildFile; fileRef = 5171037C1A87F6A10080EE43 /* ViewController.swift */; };
		517103801A87F6A10080EE43 /* Main.storyboard in Resources */ = {isa = PBXBuildFile; fileRef = 5171037E1A87F6A10080EE43 /* Main.storyboard */; };
		517103821A87F6A10080EE43 /* Images.xcassets in Resources */ = {isa = PBXBuildFile; fileRef = 517103811A87F6A10080EE43 /* Images.xcassets */; };
		517103851A87F6A10080EE43 /* LaunchScreen.xib in Resources */ = {isa = PBXBuildFile; fileRef = 517103831A87F6A10080EE43 /* LaunchScreen.xib */; };
		517103911A87F6A10080EE43 /* AllcabsTests.swift in Sources */ = {isa = PBXBuildFile; fileRef = 517103901A87F6A10080EE43 /* AllcabsTests.swift */; };
		519D49DD1A89318400E19B33 /* cab.jpeg in Resources */ = {isa = PBXBuildFile; fileRef = 519D49DC1A89318400E19B33 /* cab.jpeg */; };
		51F696A51A89081100A7FDB0 /* CustomTableViewCell.swift in Sources */ = {isa = PBXBuildFile; fileRef = 51F696A31A89081100A7FDB0 /* CustomTableViewCell.swift */; };
		51F696A61A89081100A7FDB0 /* CustomTableViewCell.xib in Resources */ = {isa = PBXBuildFile; fileRef = 51F696A41A89081100A7FDB0 /* CustomTableViewCell.xib */; };
		E3B1FAB81A899815005321BB /* BaseCabCompany.swift in Sources */ = {isa = PBXBuildFile; fileRef = E3B1FAB21A899815005321BB /* BaseCabCompany.swift */; };
		E3B1FAB91A899815005321BB /* CabCompany.swift in Sources */ = {isa = PBXBuildFile; fileRef = E3B1FAB31A899815005321BB /* CabCompany.swift */; };
		E3B1FABA1A899815005321BB /* Lyft.swift in Sources */ = {isa = PBXBuildFile; fileRef = E3B1FAB41A899815005321BB /* Lyft.swift */; };
		E3B1FABB1A899815005321BB /* Norshore.swift in Sources */ = {isa = PBXBuildFile; fileRef = E3B1FAB51A899815005321BB /* Norshore.swift */; };
		E3B1FABC1A899815005321BB /* SideCar.swift in Sources */ = {isa = PBXBuildFile; fileRef = E3B1FAB61A899815005321BB /* SideCar.swift */; };
		E3B1FABD1A899815005321BB /* UberBlack.swift in Sources */ = {isa = PBXBuildFile; fileRef = E3B1FAB71A899815005321BB /* UberBlack.swift */; };
		E3B1FABF1A89989A005321BB /* CreditCard.swift in Sources */ = {isa = PBXBuildFile; fileRef = E3B1FABE1A89989A005321BB /* CreditCard.swift */; };
/* End PBXBuildFile section */

/* Begin PBXContainerItemProxy section */
		5171038B1A87F6A10080EE43 /* PBXContainerItemProxy */ = {
			isa = PBXContainerItemProxy;
			containerPortal = 5171036D1A87F6A10080EE43 /* Project object */;
			proxyType = 1;
			remoteGlobalIDString = 517103741A87F6A10080EE43;
			remoteInfo = Allcabs;
		};
/* End PBXContainerItemProxy section */

/* Begin PBXFileReference section */
		517103751A87F6A10080EE43 /* Allcabs.app */ = {isa = PBXFileReference; explicitFileType = wrapper.application; includeInIndex = 0; path = Allcabs.app; sourceTree = BUILT_PRODUCTS_DIR; };
		517103791A87F6A10080EE43 /* Info.plist */ = {isa = PBXFileReference; lastKnownFileType = text.plist.xml; path = Info.plist; sourceTree = "<group>"; };
		5171037A1A87F6A10080EE43 /* AppDelegate.swift */ = {isa = PBXFileReference; lastKnownFileType = sourcecode.swift; path = AppDelegate.swift; sourceTree = "<group>"; };
		5171037C1A87F6A10080EE43 /* ViewController.swift */ = {isa = PBXFileReference; lastKnownFileType = sourcecode.swift; path = ViewController.swift; sourceTree = "<group>"; };
		5171037F1A87F6A10080EE43 /* Base */ = {isa = PBXFileReference; lastKnownFileType = file.storyboard; name = Base; path = Base.lproj/Main.storyboard; sourceTree = "<group>"; };
		517103811A87F6A10080EE43 /* Images.xcassets */ = {isa = PBXFileReference; lastKnownFileType = folder.assetcatalog; path = Images.xcassets; sourceTree = "<group>"; };
		517103841A87F6A10080EE43 /* Base */ = {isa = PBXFileReference; lastKnownFileType = file.xib; name = Base; path = Base.lproj/LaunchScreen.xib; sourceTree = "<group>"; };
		5171038A1A87F6A10080EE43 /* AllcabsTests.xctest */ = {isa = PBXFileReference; explicitFileType = wrapper.cfbundle; includeInIndex = 0; path = AllcabsTests.xctest; sourceTree = BUILT_PRODUCTS_DIR; };
		5171038F1A87F6A10080EE43 /* Info.plist */ = {isa = PBXFileReference; lastKnownFileType = text.plist.xml; path = Info.plist; sourceTree = "<group>"; };
		517103901A87F6A10080EE43 /* AllcabsTests.swift */ = {isa = PBXFileReference; lastKnownFileType = sourcecode.swift; path = AllcabsTests.swift; sourceTree = "<group>"; };
		519D49DC1A89318400E19B33 /* cab.jpeg */ = {isa = PBXFileReference; lastKnownFileType = image.jpeg; name = cab.jpeg; path = ../../../../../Desktop/cab.jpeg; sourceTree = "<group>"; };
		51F696A31A89081100A7FDB0 /* CustomTableViewCell.swift */ = {isa = PBXFileReference; fileEncoding = 4; lastKnownFileType = sourcecode.swift; path = CustomTableViewCell.swift; sourceTree = "<group>"; };
		51F696A41A89081100A7FDB0 /* CustomTableViewCell.xib */ = {isa = PBXFileReference; fileEncoding = 4; lastKnownFileType = file.xib; path = CustomTableViewCell.xib; sourceTree = "<group>"; };
		E3B1FAB21A899815005321BB /* BaseCabCompany.swift */ = {isa = PBXFileReference; fileEncoding = 4; lastKnownFileType = sourcecode.swift; path = BaseCabCompany.swift; sourceTree = "<group>"; };
		E3B1FAB31A899815005321BB /* CabCompany.swift */ = {isa = PBXFileReference; fileEncoding = 4; lastKnownFileType = sourcecode.swift; path = CabCompany.swift; sourceTree = "<group>"; };
		E3B1FAB41A899815005321BB /* Lyft.swift */ = {isa = PBXFileReference; fileEncoding = 4; lastKnownFileType = sourcecode.swift; path = Lyft.swift; sourceTree = "<group>"; };
		E3B1FAB51A899815005321BB /* Norshore.swift */ = {isa = PBXFileReference; fileEncoding = 4; lastKnownFileType = sourcecode.swift; path = Norshore.swift; sourceTree = "<group>"; };
		E3B1FAB61A899815005321BB /* SideCar.swift */ = {isa = PBXFileReference; fileEncoding = 4; lastKnownFileType = sourcecode.swift; path = SideCar.swift; sourceTree = "<group>"; };
		E3B1FAB71A899815005321BB /* UberBlack.swift */ = {isa = PBXFileReference; fileEncoding = 4; lastKnownFileType = sourcecode.swift; path = UberBlack.swift; sourceTree = "<group>"; };
		E3B1FABE1A89989A005321BB /* CreditCard.swift */ = {isa = PBXFileReference; fileEncoding = 4; lastKnownFileType = sourcecode.swift; path = CreditCard.swift; sourceTree = "<group>"; };
/* End PBXFileReference section */

/* Begin PBXFrameworksBuildPhase section */
		517103721A87F6A10080EE43 /* Frameworks */ = {
			isa = PBXFrameworksBuildPhase;
			buildActionMask = 2147483647;
			files = (
			);
			runOnlyForDeploymentPostprocessing = 0;
		};
		517103871A87F6A10080EE43 /* Frameworks */ = {
			isa = PBXFrameworksBuildPhase;
			buildActionMask = 2147483647;
			files = (
			);
			runOnlyForDeploymentPostprocessing = 0;
		};
/* End PBXFrameworksBuildPhase section */

/* Begin PBXGroup section */
		5171036C1A87F6A10080EE43 = {
			isa = PBXGroup;
			children = (
				517103771A87F6A10080EE43 /* Allcabs */,
				5171038D1A87F6A10080EE43 /* AllcabsTests */,
				517103761A87F6A10080EE43 /* Products */,
			);
			sourceTree = "<group>";
		};
		517103761A87F6A10080EE43 /* Products */ = {
			isa = PBXGroup;
			children = (
				517103751A87F6A10080EE43 /* Allcabs.app */,
				5171038A1A87F6A10080EE43 /* AllcabsTests.xctest */,
			);
			name = Products;
			sourceTree = "<group>";
		};
		517103771A87F6A10080EE43 /* Allcabs */ = {
			isa = PBXGroup;
			children = (
				E3B1FABE1A89989A005321BB /* CreditCard.swift */,
				E3B1FAB21A899815005321BB /* BaseCabCompany.swift */,
				E3B1FAB31A899815005321BB /* CabCompany.swift */,
				E3B1FAB41A899815005321BB /* Lyft.swift */,
				E3B1FAB51A899815005321BB /* Norshore.swift */,
				E3B1FAB61A899815005321BB /* SideCar.swift */,
				E3B1FAB71A899815005321BB /* UberBlack.swift */,
				519D49DC1A89318400E19B33 /* cab.jpeg */,
				5171037A1A87F6A10080EE43 /* AppDelegate.swift */,
				5171037C1A87F6A10080EE43 /* ViewController.swift */,
				5171037E1A87F6A10080EE43 /* Main.storyboard */,
				517103811A87F6A10080EE43 /* Images.xcassets */,
				517103831A87F6A10080EE43 /* LaunchScreen.xib */,
				517103781A87F6A10080EE43 /* Supporting Files */,
				51F696A31A89081100A7FDB0 /* CustomTableViewCell.swift */,
				51F696A41A89081100A7FDB0 /* CustomTableViewCell.xib */,
			);
			path = Allcabs;
			sourceTree = "<group>";
		};
		517103781A87F6A10080EE43 /* Supporting Files */ = {
			isa = PBXGroup;
			children = (
				517103791A87F6A10080EE43 /* Info.plist */,
			);
			name = "Supporting Files";
			sourceTree = "<group>";
		};
		5171038D1A87F6A10080EE43 /* AllcabsTests */ = {
			isa = PBXGroup;
			children = (
				517103901A87F6A10080EE43 /* AllcabsTests.swift */,
				5171038E1A87F6A10080EE43 /* Supporting Files */,
			);
			path = AllcabsTests;
			sourceTree = "<group>";
		};
		5171038E1A87F6A10080EE43 /* Supporting Files */ = {
			isa = PBXGroup;
			children = (
				5171038F1A87F6A10080EE43 /* Info.plist */,
			);
			name = "Supporting Files";
			sourceTree = "<group>";
		};
/* End PBXGroup section */

/* Begin PBXNativeTarget section */
		517103741A87F6A10080EE43 /* Allcabs */ = {
			isa = PBXNativeTarget;
			buildConfigurationList = 517103941A87F6A10080EE43 /* Build configuration list for PBXNativeTarget "Allcabs" */;
			buildPhases = (
				517103711A87F6A10080EE43 /* Sources */,
				517103721A87F6A10080EE43 /* Frameworks */,
				517103731A87F6A10080EE43 /* Resources */,
			);
			buildRules = (
			);
			dependencies = (
			);
			name = Allcabs;
			productName = Allcabs;
			productReference = 517103751A87F6A10080EE43 /* Allcabs.app */;
			productType = "com.apple.product-type.application";
		};
		517103891A87F6A10080EE43 /* AllcabsTests */ = {
			isa = PBXNativeTarget;
			buildConfigurationList = 517103971A87F6A10080EE43 /* Build configuration list for PBXNativeTarget "AllcabsTests" */;
			buildPhases = (
				517103861A87F6A10080EE43 /* Sources */,
				517103871A87F6A10080EE43 /* Frameworks */,
				517103881A87F6A10080EE43 /* Resources */,
			);
			buildRules = (
			);
			dependencies = (
				5171038C1A87F6A10080EE43 /* PBXTargetDependency */,
			);
			name = AllcabsTests;
			productName = AllcabsTests;
			productReference = 5171038A1A87F6A10080EE43 /* AllcabsTests.xctest */;
			productType = "com.apple.product-type.bundle.unit-test";
		};
/* End PBXNativeTarget section */

/* Begin PBXProject section */
		5171036D1A87F6A10080EE43 /* Project object */ = {
			isa = PBXProject;
			attributes = {
				LastUpgradeCheck = 0610;
				ORGANIZATIONNAME = "Farley Center";
				TargetAttributes = {
					517103741A87F6A10080EE43 = {
						CreatedOnToolsVersion = 6.1.1;
					};
					517103891A87F6A10080EE43 = {
						CreatedOnToolsVersion = 6.1.1;
						TestTargetID = 517103741A87F6A10080EE43;
					};
				};
			};
			buildConfigurationList = 517103701A87F6A10080EE43 /* Build configuration list for PBXProject "Allcabs" */;
			compatibilityVersion = "Xcode 3.2";
			developmentRegion = English;
			hasScannedForEncodings = 0;
			knownRegions = (
				en,
				Base,
			);
			mainGroup = 5171036C1A87F6A10080EE43;
			productRefGroup = 517103761A87F6A10080EE43 /* Products */;
			projectDirPath = "";
			projectRoot = "";
			targets = (
				517103741A87F6A10080EE43 /* Allcabs */,
				517103891A87F6A10080EE43 /* AllcabsTests */,
			);
		};
/* End PBXProject section */

/* Begin PBXResourcesBuildPhase section */
		517103731A87F6A10080EE43 /* Resources */ = {
			isa = PBXResourcesBuildPhase;
			buildActionMask = 2147483647;
			files = (
				519D49DD1A89318400E19B33 /* cab.jpeg in Resources */,
				517103801A87F6A10080EE43 /* Main.storyboard in Resources */,
				517103851A87F6A10080EE43 /* LaunchScreen.xib in Resources */,
				51F696A61A89081100A7FDB0 /* CustomTableViewCell.xib in Resources */,
				517103821A87F6A10080EE43 /* Images.xcassets in Resources */,
			);
			runOnlyForDeploymentPostprocessing = 0;
		};
		517103881A87F6A10080EE43 /* Resources */ = {
			isa = PBXResourcesBuildPhase;
			buildActionMask = 2147483647;
			files = (
			);
			runOnlyForDeploymentPostprocessing = 0;
		};
/* End PBXResourcesBuildPhase section */

/* Begin PBXSourcesBuildPhase section */
		517103711A87F6A10080EE43 /* Sources */ = {
			isa = PBXSourcesBuildPhase;
			buildActionMask = 2147483647;
			files = (
				51F696A51A89081100A7FDB0 /* CustomTableViewCell.swift in Sources */,
				5171037D1A87F6A10080EE43 /* ViewController.swift in Sources */,
				E3B1FABA1A899815005321BB /* Lyft.swift in Sources */,
				E3B1FABD1A899815005321BB /* UberBlack.swift in Sources */,
				E3B1FABC1A899815005321BB /* SideCar.swift in Sources */,
				E3B1FAB91A899815005321BB /* CabCompany.swift in Sources */,
				E3B1FABF1A89989A005321BB /* CreditCard.swift in Sources */,
				5171037B1A87F6A10080EE43 /* AppDelegate.swift in Sources */,
				E3B1FABB1A899815005321BB /* Norshore.swift in Sources */,
				E3B1FAB81A899815005321BB /* BaseCabCompany.swift in Sources */,
			);
			runOnlyForDeploymentPostprocessing = 0;
		};
		517103861A87F6A10080EE43 /* Sources */ = {
			isa = PBXSourcesBuildPhase;
			buildActionMask = 2147483647;
			files = (
				517103911A87F6A10080EE43 /* AllcabsTests.swift in Sources */,
			);
			runOnlyForDeploymentPostprocessing = 0;
		};
/* End PBXSourcesBuildPhase section */

/* Begin PBXTargetDependency section */
		5171038C1A87F6A10080EE43 /* PBXTargetDependency */ = {
			isa = PBXTargetDependency;
			target = 517103741A87F6A10080EE43 /* Allcabs */;
			targetProxy = 5171038B1A87F6A10080EE43 /* PBXContainerItemProxy */;
		};
/* End PBXTargetDependency section */

/* Begin PBXVariantGroup section */
		5171037E1A87F6A10080EE43 /* Main.storyboard */ = {
			isa = PBXVariantGroup;
			children = (
				5171037F1A87F6A10080EE43 /* Base */,
			);
			name = Main.storyboard;
			sourceTree = "<group>";
		};
		517103831A87F6A10080EE43 /* LaunchScreen.xib */ = {
			isa = PBXVariantGroup;
			children = (
				517103841A87F6A10080EE43 /* Base */,
			);
			name = LaunchScreen.xib;
			sourceTree = "<group>";
		};
/* End PBXVariantGroup section */

/* Begin XCBuildConfiguration section */
		517103921A87F6A10080EE43 /* Debug */ = {
			isa = XCBuildConfiguration;
			buildSettings = {
				ALWAYS_SEARCH_USER_PATHS = NO;
				CLANG_CXX_LANGUAGE_STANDARD = "gnu++0x";
				CLANG_CXX_LIBRARY = "libc++";
				CLANG_ENABLE_MODULES = YES;
				CLANG_ENABLE_OBJC_ARC = YES;
				CLANG_WARN_BOOL_CONVERSION = YES;
				CLANG_WARN_CONSTANT_CONVERSION = YES;
				CLANG_WARN_DIRECT_OBJC_ISA_USAGE = YES_ERROR;
				CLANG_WARN_EMPTY_BODY = YES;
				CLANG_WARN_ENUM_CONVERSION = YES;
				CLANG_WARN_INT_CONVERSION = YES;
				CLANG_WARN_OBJC_ROOT_CLASS = YES_ERROR;
				CLANG_WARN_UNREACHABLE_CODE = YES;
				CLANG_WARN__DUPLICATE_METHOD_MATCH = YES;
				"CODE_SIGN_IDENTITY[sdk=iphoneos*]" = "iPhone Developer";
				COPY_PHASE_STRIP = NO;
				ENABLE_STRICT_OBJC_MSGSEND = YES;
				GCC_C_LANGUAGE_STANDARD = gnu99;
				GCC_DYNAMIC_NO_PIC = NO;
				GCC_OPTIMIZATION_LEVEL = 0;
				GCC_PREPROCESSOR_DEFINITIONS = (
					"DEBUG=1",
					"$(inherited)",
				);
				GCC_SYMBOLS_PRIVATE_EXTERN = NO;
				GCC_WARN_64_TO_32_BIT_CONVERSION = YES;
				GCC_WARN_ABOUT_RETURN_TYPE = YES_ERROR;
				GCC_WARN_UNDECLARED_SELECTOR = YES;
				GCC_WARN_UNINITIALIZED_AUTOS = YES_AGGRESSIVE;
				GCC_WARN_UNUSED_FUNCTION = YES;
				GCC_WARN_UNUSED_VARIABLE = YES;
				IPHONEOS_DEPLOYMENT_TARGET = 8.1;
				MTL_ENABLE_DEBUG_INFO = YES;
				ONLY_ACTIVE_ARCH = YES;
				SDKROOT = iphoneos;
				SWIFT_OPTIMIZATION_LEVEL = "-Onone";
			};
			name = Debug;
		};
		517103931A87F6A10080EE43 /* Release */ = {
			isa = XCBuildConfiguration;
			buildSettings = {
				ALWAYS_SEARCH_USER_PATHS = NO;
				CLANG_CXX_LANGUAGE_STANDARD = "gnu++0x";
				CLANG_CXX_LIBRARY = "libc++";
				CLANG_ENABLE_MODULES = YES;
				CLANG_ENABLE_OBJC_ARC = YES;
				CLANG_WARN_BOOL_CONVERSION = YES;
				CLANG_WARN_CONSTANT_CONVERSION = YES;
				CLANG_WARN_DIRECT_OBJC_ISA_USAGE = YES_ERROR;
				CLANG_WARN_EMPTY_BODY = YES;
				CLANG_WARN_ENUM_CONVERSION = YES;
				CLANG_WARN_INT_CONVERSION = YES;
				CLANG_WARN_OBJC_ROOT_CLASS = YES_ERROR;
				CLANG_WARN_UNREACHABLE_CODE = YES;
				CLANG_WARN__DUPLICATE_METHOD_MATCH = YES;
				"CODE_SIGN_IDENTITY[sdk=iphoneos*]" = "iPhone Developer";
				COPY_PHASE_STRIP = YES;
				ENABLE_NS_ASSERTIONS = NO;
				ENABLE_STRICT_OBJC_MSGSEND = YES;
				GCC_C_LANGUAGE_STANDARD = gnu99;
				GCC_WARN_64_TO_32_BIT_CONVERSION = YES;
				GCC_WARN_ABOUT_RETURN_TYPE = YES_ERROR;
				GCC_WARN_UNDECLARED_SELECTOR = YES;
				GCC_WARN_UNINITIALIZED_AUTOS = YES_AGGRESSIVE;
				GCC_WARN_UNUSED_FUNCTION = YES;
				GCC_WARN_UNUSED_VARIABLE = YES;
				IPHONEOS_DEPLOYMENT_TARGET = 8.1;
				MTL_ENABLE_DEBUG_INFO = NO;
				SDKROOT = iphoneos;
				VALIDATE_PRODUCT = YES;
			};
			name = Release;
		};
		517103951A87F6A10080EE43 /* Debug */ = {
			isa = XCBuildConfiguration;
			buildSettings = {
				ASSETCATALOG_COMPILER_APPICON_NAME = AppIcon;
				INFOPLIST_FILE = Allcabs/Info.plist;
				LD_RUNPATH_SEARCH_PATHS = "$(inherited) @executable_path/Frameworks";
				PRODUCT_NAME = "$(TARGET_NAME)";
			};
			name = Debug;
		};
		517103961A87F6A10080EE43 /* Release */ = {
			isa = XCBuildConfiguration;
			buildSettings = {
				ASSETCATALOG_COMPILER_APPICON_NAME = AppIcon;
				INFOPLIST_FILE = Allcabs/Info.plist;
				LD_RUNPATH_SEARCH_PATHS = "$(inherited) @executable_path/Frameworks";
				PRODUCT_NAME = "$(TARGET_NAME)";
			};
			name = Release;
		};
		517103981A87F6A10080EE43 /* Debug */ = {
			isa = XCBuildConfiguration;
			buildSettings = {
				BUNDLE_LOADER = "$(TEST_HOST)";
				FRAMEWORK_SEARCH_PATHS = (
					"$(SDKROOT)/Developer/Library/Frameworks",
					"$(inherited)",
				);
				GCC_PREPROCESSOR_DEFINITIONS = (
					"DEBUG=1",
					"$(inherited)",
				);
				INFOPLIST_FILE = AllcabsTests/Info.plist;
				LD_RUNPATH_SEARCH_PATHS = "$(inherited) @executable_path/Frameworks @loader_path/Frameworks";
				PRODUCT_NAME = "$(TARGET_NAME)";
				TEST_HOST = "$(BUILT_PRODUCTS_DIR)/Allcabs.app/Allcabs";
			};
			name = Debug;
		};
		517103991A87F6A10080EE43 /* Release */ = {
			isa = XCBuildConfiguration;
			buildSettings = {
				BUNDLE_LOADER = "$(TEST_HOST)";
				FRAMEWORK_SEARCH_PATHS = (
					"$(SDKROOT)/Developer/Library/Frameworks",
					"$(inherited)",
				);
				INFOPLIST_FILE = AllcabsTests/Info.plist;
				LD_RUNPATH_SEARCH_PATHS = "$(inherited) @executable_path/Frameworks @loader_path/Frameworks";
				PRODUCT_NAME = "$(TARGET_NAME)";
				TEST_HOST = "$(BUILT_PRODUCTS_DIR)/Allcabs.app/Allcabs";
			};
			name = Release;
		};
/* End XCBuildConfiguration section */

/* Begin XCConfigurationList section */
		517103701A87F6A10080EE43 /* Build configuration list for PBXProject "Allcabs" */ = {
			isa = XCConfigurationList;
			buildConfigurations = (
				517103921A87F6A10080EE43 /* Debug */,
				517103931A87F6A10080EE43 /* Release */,
			);
			defaultConfigurationIsVisible = 0;
			defaultConfigurationName = Release;
		};
		517103941A87F6A10080EE43 /* Build configuration list for PBXNativeTarget "Allcabs" */ = {
			isa = XCConfigurationList;
			buildConfigurations = (
				517103951A87F6A10080EE43 /* Debug */,
				517103961A87F6A10080EE43 /* Release */,
			);
			defaultConfigurationIsVisible = 0;
			defaultConfigurationName = Release;
		};
		517103971A87F6A10080EE43 /* Build configuration list for PBXNativeTarget "AllcabsTests" */ = {
			isa = XCConfigurationList;
			buildConfigurations = (
				517103981A87F6A10080EE43 /* Debug */,
				517103991A87F6A10080EE43 /* Release */,
			);
			defaultConfigurationIsVisible = 0;
			defaultConfigurationName = Release;
		};
/* End XCConfigurationList section */
	};
	rootObject = 5171036D1A87F6A10080EE43 /* Project object */;
}
